
Microsoft Visual Studio Solution File, Format Version 12.00
# Visual Studio Version 17
VisualStudioVersion = 17.11.35222.181
MinimumVisualStudioVersion = 10.0.40219.1
Project("{FAE04EC0-301F-11D3-BF4B-00C04F79EFBC}") = "RentACar", "RentACar\RentACar.csproj", "{0F796A7A-4985-497E-B883-C75F161FC151}"
EndProject
Global
	GlobalSection(SolutionConfigurationPlatforms) = preSolution
		Debug|Any CPU = Debug|Any CPU
		Release|Any CPU = Release|Any CPU
	EndGlobalSection
	GlobalSection(ProjectConfigurationPlatforms) = postSolution
		{0F796A7A-4985-497E-B883-C75F161FC151}.Debug|Any CPU.ActiveCfg = Debug|Any CPU
		{0F796A7A-4985-497E-B883-C75F161FC151}.Debug|Any CPU.Build.0 = Debug|Any CPU
		{0F796A7A-4985-497E-B883-C75F161FC151}.Release|Any CPU.ActiveCfg = Release|Any CPU
		{0F796A7A-4985-497E-B883-C75F161FC151}.Release|Any CPU.Build.0 = Release|Any CPU
	EndGlobalSection
	GlobalSection(SolutionProperties) = preSolution
		HideSolutionNode = FALSE
	EndGlobalSection
	GlobalSection(ExtensibilityGlobals) = postSolution
		SolutionGuid = {6ECF4350-1B03-4EE1-85EE-0B06C2BB23F6}
	EndGlobalSection
EndGlobal
